// !$*UTF8*$!
{
	archiveVersion = 1;
	classes = {
	};
	objectVersion = 55;
	objects = {

/* Begin PBXBuildFile section */
		7215B0B1282FE038004D4BE8 /* ProfilView.swift in Sources */ = {isa = PBXBuildFile; fileRef = 7215B0B0282FE038004D4BE8 /* ProfilView.swift */; };
		7232077B2859C7B200A853F8 /* Charts in Frameworks */ = {isa = PBXBuildFile; productRef = 7232077A2859C7B200A853F8 /* Charts */; };
		724494B927EDAA9B00266C42 /* Haushaltsbuch_App.swift in Sources */ = {isa = PBXBuildFile; fileRef = 724494B827EDAA9B00266C42 /* Haushaltsbuch_App.swift */; };
		724494BB27EDAA9B00266C42 /* ContentView.swift in Sources */ = {isa = PBXBuildFile; fileRef = 724494BA27EDAA9B00266C42 /* ContentView.swift */; };
		724494BD27EDAA9C00266C42 /* Assets.xcassets in Resources */ = {isa = PBXBuildFile; fileRef = 724494BC27EDAA9C00266C42 /* Assets.xcassets */; };
		724494C027EDAA9C00266C42 /* Preview Assets.xcassets in Resources */ = {isa = PBXBuildFile; fileRef = 724494BF27EDAA9C00266C42 /* Preview Assets.xcassets */; };
		724F0D3C27F433A40027D6B8 /* HomeViewEmpty.swift in Sources */ = {isa = PBXBuildFile; fileRef = 724F0D3B27F433A40027D6B8 /* HomeViewEmpty.swift */; };
		724F0D3E27F434470027D6B8 /* DiagramViewEmpty.swift in Sources */ = {isa = PBXBuildFile; fileRef = 724F0D3D27F434470027D6B8 /* DiagramViewEmpty.swift */; };
		724F0D4427F435CE0027D6B8 /* ProfilViewEmpty.swift in Sources */ = {isa = PBXBuildFile; fileRef = 724F0D4327F435CE0027D6B8 /* ProfilViewEmpty.swift */; };
		726BF5C528267C35006B7472 /* ListView.swift in Sources */ = {isa = PBXBuildFile; fileRef = 726BF5C428267C35006B7472 /* ListView.swift */; };
		726BF5C728267D83006B7472 /* DateView.swift in Sources */ = {isa = PBXBuildFile; fileRef = 726BF5C628267D83006B7472 /* DateView.swift */; };
		726BF5C9282685F4006B7472 /* CurrentBalanceView.swift in Sources */ = {isa = PBXBuildFile; fileRef = 726BF5C8282685F4006B7472 /* CurrentBalanceView.swift */; };
		726BF5CB28268BFE006B7472 /* TransactionModel.swift in Sources */ = {isa = PBXBuildFile; fileRef = 726BF5CA28268BFE006B7472 /* TransactionModel.swift */; };
		726BF5CE28268D4B006B7472 /* DateFormatter+Extensions.swift in Sources */ = {isa = PBXBuildFile; fileRef = 726BF5CD28268D4B006B7472 /* DateFormatter+Extensions.swift */; };
		726BF5D028269020006B7472 /* PreviewData.swift in Sources */ = {isa = PBXBuildFile; fileRef = 726BF5CF28269020006B7472 /* PreviewData.swift */; };
		726BF5D2282694A9006B7472 /* Color+Extensions.swift in Sources */ = {isa = PBXBuildFile; fileRef = 726BF5D1282694A9006B7472 /* Color+Extensions.swift */; };
		728EC6A1282D13E600327F52 /* ChartView.swift in Sources */ = {isa = PBXBuildFile; fileRef = 728EC6A0282D13E600327F52 /* ChartView.swift */; };
		729A651B27EF16D800EA9C2B /* CustomTabView.swift in Sources */ = {isa = PBXBuildFile; fileRef = 729A651A27EF16D800EA9C2B /* CustomTabView.swift */; };
		72C862CC27FDA74000D02B96 /* HomeView.swift in Sources */ = {isa = PBXBuildFile; fileRef = 72C862CB27FDA74000D02B96 /* HomeView.swift */; };
		72C862D027FDAFA200D02B96 /* NumbersOnly.swift in Sources */ = {isa = PBXBuildFile; fileRef = 72C862CF27FDAFA200D02B96 /* NumbersOnly.swift */; };
		72E3E15A28339F6D003F84CA /* FormView.swift in Sources */ = {isa = PBXBuildFile; fileRef = 72E3E15928339F6D003F84CA /* FormView.swift */; };
/* End PBXBuildFile section */

/* Begin PBXFileReference section */
		7215B0B0282FE038004D4BE8 /* ProfilView.swift */ = {isa = PBXFileReference; lastKnownFileType = sourcecode.swift; path = ProfilView.swift; sourceTree = "<group>"; };
		724494B527EDAA9B00266C42 /* Haushaltsbuch App.app */ = {isa = PBXFileReference; explicitFileType = wrapper.application; includeInIndex = 0; path = "Haushaltsbuch App.app"; sourceTree = BUILT_PRODUCTS_DIR; };
		724494B827EDAA9B00266C42 /* Haushaltsbuch_App.swift */ = {isa = PBXFileReference; lastKnownFileType = sourcecode.swift; path = Haushaltsbuch_App.swift; sourceTree = "<group>"; };
		724494BA27EDAA9B00266C42 /* ContentView.swift */ = {isa = PBXFileReference; lastKnownFileType = sourcecode.swift; path = ContentView.swift; sourceTree = "<group>"; };
		724494BC27EDAA9C00266C42 /* Assets.xcassets */ = {isa = PBXFileReference; lastKnownFileType = folder.assetcatalog; path = Assets.xcassets; sourceTree = "<group>"; };
		724494BF27EDAA9C00266C42 /* Preview Assets.xcassets */ = {isa = PBXFileReference; lastKnownFileType = folder.assetcatalog; path = "Preview Assets.xcassets"; sourceTree = "<group>"; };
		724494C927EDACAF00266C42 /* Info.plist */ = {isa = PBXFileReference; lastKnownFileType = text.plist.xml; path = Info.plist; sourceTree = "<group>"; };
		724F0D3B27F433A40027D6B8 /* HomeViewEmpty.swift */ = {isa = PBXFileReference; lastKnownFileType = sourcecode.swift; path = HomeViewEmpty.swift; sourceTree = "<group>"; };
		724F0D3D27F434470027D6B8 /* DiagramViewEmpty.swift */ = {isa = PBXFileReference; lastKnownFileType = sourcecode.swift; path = DiagramViewEmpty.swift; sourceTree = "<group>"; };
		724F0D4327F435CE0027D6B8 /* ProfilViewEmpty.swift */ = {isa = PBXFileReference; lastKnownFileType = sourcecode.swift; path = ProfilViewEmpty.swift; sourceTree = "<group>"; };
		726BF5C428267C35006B7472 /* ListView.swift */ = {isa = PBXFileReference; lastKnownFileType = sourcecode.swift; path = ListView.swift; sourceTree = "<group>"; };
		726BF5C628267D83006B7472 /* DateView.swift */ = {isa = PBXFileReference; lastKnownFileType = sourcecode.swift; path = DateView.swift; sourceTree = "<group>"; };
		726BF5C8282685F4006B7472 /* CurrentBalanceView.swift */ = {isa = PBXFileReference; lastKnownFileType = sourcecode.swift; path = CurrentBalanceView.swift; sourceTree = "<group>"; };
		726BF5CA28268BFE006B7472 /* TransactionModel.swift */ = {isa = PBXFileReference; lastKnownFileType = sourcecode.swift; path = TransactionModel.swift; sourceTree = "<group>"; };
		726BF5CD28268D4B006B7472 /* DateFormatter+Extensions.swift */ = {isa = PBXFileReference; lastKnownFileType = sourcecode.swift; path = "DateFormatter+Extensions.swift"; sourceTree = "<group>"; };
		726BF5CF28269020006B7472 /* PreviewData.swift */ = {isa = PBXFileReference; lastKnownFileType = sourcecode.swift; path = PreviewData.swift; sourceTree = "<group>"; };
		726BF5D1282694A9006B7472 /* Color+Extensions.swift */ = {isa = PBXFileReference; lastKnownFileType = sourcecode.swift; path = "Color+Extensions.swift"; sourceTree = "<group>"; };
		728EC6A0282D13E600327F52 /* ChartView.swift */ = {isa = PBXFileReference; lastKnownFileType = sourcecode.swift; path = ChartView.swift; sourceTree = "<group>"; };
		729A651A27EF16D800EA9C2B /* CustomTabView.swift */ = {isa = PBXFileReference; lastKnownFileType = sourcecode.swift; path = CustomTabView.swift; sourceTree = "<group>"; };
		72C862CB27FDA74000D02B96 /* HomeView.swift */ = {isa = PBXFileReference; lastKnownFileType = sourcecode.swift; path = HomeView.swift; sourceTree = "<group>"; };
		72C862CF27FDAFA200D02B96 /* NumbersOnly.swift */ = {isa = PBXFileReference; lastKnownFileType = sourcecode.swift; path = NumbersOnly.swift; sourceTree = "<group>"; };
		72E3E15928339F6D003F84CA /* FormView.swift */ = {isa = PBXFileReference; lastKnownFileType = sourcecode.swift; path = FormView.swift; sourceTree = "<group>"; };
/* End PBXFileReference section */

/* Begin PBXFrameworksBuildPhase section */
		724494B227EDAA9B00266C42 /* Frameworks */ = {
			isa = PBXFrameworksBuildPhase;
			buildActionMask = 2147483647;
			files = (
				7232077B2859C7B200A853F8 /* Charts in Frameworks */,
			);
			runOnlyForDeploymentPostprocessing = 0;
		};
/* End PBXFrameworksBuildPhase section */

/* Begin PBXGroup section */
		724494AC27EDAA9B00266C42 = {
			isa = PBXGroup;
			children = (
				724494B727EDAA9B00266C42 /* Haushaltsbuch App */,
				724494B627EDAA9B00266C42 /* Products */,
			);
			sourceTree = "<group>";
		};
		724494B627EDAA9B00266C42 /* Products */ = {
			isa = PBXGroup;
			children = (
				724494B527EDAA9B00266C42 /* Haushaltsbuch App.app */,
			);
			name = Products;
			sourceTree = "<group>";
		};
		724494B727EDAA9B00266C42 /* Haushaltsbuch App */ = {
			isa = PBXGroup;
			children = (
				724494C927EDACAF00266C42 /* Info.plist */,
				724494B827EDAA9B00266C42 /* Haushaltsbuch_App.swift */,
				724494C827EDAB8500266C42 /* ViewModel */,
				724494C727EDAB7C00266C42 /* Model */,
				724494C627EDAB7100266C42 /* View */,
				726BF5CC28268D18006B7472 /* Extensions */,
				724494BC27EDAA9C00266C42 /* Assets.xcassets */,
				724494BE27EDAA9C00266C42 /* Preview Content */,
			);
			path = "Haushaltsbuch App";
			sourceTree = "<group>";
		};
		724494BE27EDAA9C00266C42 /* Preview Content */ = {
			isa = PBXGroup;
			children = (
				724494BF27EDAA9C00266C42 /* Preview Assets.xcassets */,
			);
			path = "Preview Content";
			sourceTree = "<group>";
		};
		724494C627EDAB7100266C42 /* View */ = {
			isa = PBXGroup;
			children = (
				72C862CF27FDAFA200D02B96 /* NumbersOnly.swift */,
				726BF5CF28269020006B7472 /* PreviewData.swift */,
			);
			path = View;
			sourceTree = "<group>";
		};
		724494C727EDAB7C00266C42 /* Model */ = {
			isa = PBXGroup;
			children = (
				726BF5CA28268BFE006B7472 /* TransactionModel.swift */,
			);
			path = Model;
			sourceTree = "<group>";
		};
		724494C827EDAB8500266C42 /* ViewModel */ = {
			isa = PBXGroup;
			children = (
				724494BA27EDAA9B00266C42 /* ContentView.swift */,
				729A651A27EF16D800EA9C2B /* CustomTabView.swift */,
				724F0D3B27F433A40027D6B8 /* HomeViewEmpty.swift */,
				724F0D3D27F434470027D6B8 /* DiagramViewEmpty.swift */,
				724F0D4327F435CE0027D6B8 /* ProfilViewEmpty.swift */,
				72C862CB27FDA74000D02B96 /* HomeView.swift */,
				726BF5C428267C35006B7472 /* ListView.swift */,
				726BF5C8282685F4006B7472 /* CurrentBalanceView.swift */,
				726BF5C628267D83006B7472 /* DateView.swift */,
				728EC6A0282D13E600327F52 /* ChartView.swift */,
				7215B0B0282FE038004D4BE8 /* ProfilView.swift */,
				72E3E15928339F6D003F84CA /* FormView.swift */,
			);
			path = ViewModel;
			sourceTree = "<group>";
		};
		726BF5CC28268D18006B7472 /* Extensions */ = {
			isa = PBXGroup;
			children = (
				726BF5CD28268D4B006B7472 /* DateFormatter+Extensions.swift */,
				726BF5D1282694A9006B7472 /* Color+Extensions.swift */,
			);
			path = Extensions;
			sourceTree = "<group>";
		};
/* End PBXGroup section */

/* Begin PBXNativeTarget section */
		724494B427EDAA9B00266C42 /* Haushaltsbuch App */ = {
			isa = PBXNativeTarget;
			buildConfigurationList = 724494C327EDAA9C00266C42 /* Build configuration list for PBXNativeTarget "Haushaltsbuch App" */;
			buildPhases = (
				724494B127EDAA9B00266C42 /* Sources */,
				724494B227EDAA9B00266C42 /* Frameworks */,
				724494B327EDAA9B00266C42 /* Resources */,
			);
			buildRules = (
			);
			dependencies = (
			);
			name = "Haushaltsbuch App";
			packageProductDependencies = (
				7232077A2859C7B200A853F8 /* Charts */,
			);
			productName = "Haushaltsbuch App";
			productReference = 724494B527EDAA9B00266C42 /* Haushaltsbuch App.app */;
			productType = "com.apple.product-type.application";
		};
/* End PBXNativeTarget section */

/* Begin PBXProject section */
		724494AD27EDAA9B00266C42 /* Project object */ = {
			isa = PBXProject;
			attributes = {
				BuildIndependentTargetsInParallel = 1;
				LastSwiftUpdateCheck = 1330;
				LastUpgradeCheck = 1330;
				TargetAttributes = {
					724494B427EDAA9B00266C42 = {
						CreatedOnToolsVersion = 13.3;
					};
				};
			};
			buildConfigurationList = 724494B027EDAA9B00266C42 /* Build configuration list for PBXProject "Haushaltsbuch App" */;
			compatibilityVersion = "Xcode 13.0";
			developmentRegion = en;
			hasScannedForEncodings = 0;
			knownRegions = (
				en,
				Base,
			);
			mainGroup = 724494AC27EDAA9B00266C42;
			packageReferences = (
				723207792859C7B200A853F8 /* XCRemoteSwiftPackageReference "Charts" */,
			);
			productRefGroup = 724494B627EDAA9B00266C42 /* Products */;
			projectDirPath = "";
			projectRoot = "";
			targets = (
				724494B427EDAA9B00266C42 /* Haushaltsbuch App */,
			);
		};
/* End PBXProject section */

/* Begin PBXResourcesBuildPhase section */
		724494B327EDAA9B00266C42 /* Resources */ = {
			isa = PBXResourcesBuildPhase;
			buildActionMask = 2147483647;
			files = (
				724494C027EDAA9C00266C42 /* Preview Assets.xcassets in Resources */,
				724494BD27EDAA9C00266C42 /* Assets.xcassets in Resources */,
			);
			runOnlyForDeploymentPostprocessing = 0;
		};
/* End PBXResourcesBuildPhase section */

/* Begin PBXSourcesBuildPhase section */
		724494B127EDAA9B00266C42 /* Sources */ = {
			isa = PBXSourcesBuildPhase;
			buildActionMask = 2147483647;
			files = (
				726BF5C9282685F4006B7472 /* CurrentBalanceView.swift in Sources */,
				726BF5CE28268D4B006B7472 /* DateFormatter+Extensions.swift in Sources */,
				72C862D027FDAFA200D02B96 /* NumbersOnly.swift in Sources */,
				724494BB27EDAA9B00266C42 /* ContentView.swift in Sources */,
				728EC6A1282D13E600327F52 /* ChartView.swift in Sources */,
				726BF5D028269020006B7472 /* PreviewData.swift in Sources */,
				72E3E15A28339F6D003F84CA /* FormView.swift in Sources */,
				724F0D4427F435CE0027D6B8 /* ProfilViewEmpty.swift in Sources */,
				724F0D3C27F433A40027D6B8 /* HomeViewEmpty.swift in Sources */,
				72C862CC27FDA74000D02B96 /* HomeView.swift in Sources */,
				726BF5C728267D83006B7472 /* DateView.swift in Sources */,
				726BF5CB28268BFE006B7472 /* TransactionModel.swift in Sources */,
				726BF5D2282694A9006B7472 /* Color+Extensions.swift in Sources */,
				724F0D3E27F434470027D6B8 /* DiagramViewEmpty.swift in Sources */,
				7215B0B1282FE038004D4BE8 /* ProfilView.swift in Sources */,
				726BF5C528267C35006B7472 /* ListView.swift in Sources */,
				724494B927EDAA9B00266C42 /* Haushaltsbuch_App.swift in Sources */,
				729A651B27EF16D800EA9C2B /* CustomTabView.swift in Sources */,
			);
			runOnlyForDeploymentPostprocessing = 0;
		};
/* End PBXSourcesBuildPhase section */

/* Begin XCBuildConfiguration section */
		724494C127EDAA9C00266C42 /* Debug */ = {
			isa = XCBuildConfiguration;
			buildSettings = {
				ALWAYS_SEARCH_USER_PATHS = NO;
				CLANG_ANALYZER_NONNULL = YES;
				CLANG_ANALYZER_NUMBER_OBJECT_CONVERSION = YES_AGGRESSIVE;
				CLANG_CXX_LANGUAGE_STANDARD = "gnu++17";
				CLANG_ENABLE_MODULES = YES;
				CLANG_ENABLE_OBJC_ARC = YES;
				CLANG_ENABLE_OBJC_WEAK = YES;
				CLANG_WARN_BLOCK_CAPTURE_AUTORELEASING = YES;
				CLANG_WARN_BOOL_CONVERSION = YES;
				CLANG_WARN_COMMA = YES;
				CLANG_WARN_CONSTANT_CONVERSION = YES;
				CLANG_WARN_DEPRECATED_OBJC_IMPLEMENTATIONS = YES;
				CLANG_WARN_DIRECT_OBJC_ISA_USAGE = YES_ERROR;
				CLANG_WARN_DOCUMENTATION_COMMENTS = YES;
				CLANG_WARN_EMPTY_BODY = YES;
				CLANG_WARN_ENUM_CONVERSION = YES;
				CLANG_WARN_INFINITE_RECURSION = YES;
				CLANG_WARN_INT_CONVERSION = YES;
				CLANG_WARN_NON_LITERAL_NULL_CONVERSION = YES;
				CLANG_WARN_OBJC_IMPLICIT_RETAIN_SELF = YES;
				CLANG_WARN_OBJC_LITERAL_CONVERSION = YES;
				CLANG_WARN_OBJC_ROOT_CLASS = YES_ERROR;
				CLANG_WARN_QUOTED_INCLUDE_IN_FRAMEWORK_HEADER = YES;
				CLANG_WARN_RANGE_LOOP_ANALYSIS = YES;
				CLANG_WARN_STRICT_PROTOTYPES = YES;
				CLANG_WARN_SUSPICIOUS_MOVE = YES;
				CLANG_WARN_UNGUARDED_AVAILABILITY = YES_AGGRESSIVE;
				CLANG_WARN_UNREACHABLE_CODE = YES;
				CLANG_WARN__DUPLICATE_METHOD_MATCH = YES;
				COPY_PHASE_STRIP = NO;
				DEBUG_INFORMATION_FORMAT = dwarf;
				ENABLE_STRICT_OBJC_MSGSEND = YES;
				ENABLE_TESTABILITY = YES;
				GCC_C_LANGUAGE_STANDARD = gnu11;
				GCC_DYNAMIC_NO_PIC = NO;
				GCC_NO_COMMON_BLOCKS = YES;
				GCC_OPTIMIZATION_LEVEL = 0;
				GCC_PREPROCESSOR_DEFINITIONS = (
					"DEBUG=1",
					"$(inherited)",
				);
				GCC_WARN_64_TO_32_BIT_CONVERSION = YES;
				GCC_WARN_ABOUT_RETURN_TYPE = YES_ERROR;
				GCC_WARN_UNDECLARED_SELECTOR = YES;
				GCC_WARN_UNINITIALIZED_AUTOS = YES_AGGRESSIVE;
				GCC_WARN_UNUSED_FUNCTION = YES;
				GCC_WARN_UNUSED_VARIABLE = YES;
				IPHONEOS_DEPLOYMENT_TARGET = 15.4;
				MTL_ENABLE_DEBUG_INFO = INCLUDE_SOURCE;
				MTL_FAST_MATH = YES;
				ONLY_ACTIVE_ARCH = YES;
				SDKROOT = iphoneos;
				SWIFT_ACTIVE_COMPILATION_CONDITIONS = DEBUG;
				SWIFT_OPTIMIZATION_LEVEL = "-Onone";
			};
			name = Debug;
		};
		724494C227EDAA9C00266C42 /* Release */ = {
			isa = XCBuildConfiguration;
			buildSettings = {
				ALWAYS_SEARCH_USER_PATHS = NO;
				CLANG_ANALYZER_NONNULL = YES;
				CLANG_ANALYZER_NUMBER_OBJECT_CONVERSION = YES_AGGRESSIVE;
				CLANG_CXX_LANGUAGE_STANDARD = "gnu++17";
				CLANG_ENABLE_MODULES = YES;
				CLANG_ENABLE_OBJC_ARC = YES;
				CLANG_ENABLE_OBJC_WEAK = YES;
				CLANG_WARN_BLOCK_CAPTURE_AUTORELEASING = YES;
				CLANG_WARN_BOOL_CONVERSION = YES;
				CLANG_WARN_COMMA = YES;
				CLANG_WARN_CONSTANT_CONVERSION = YES;
				CLANG_WARN_DEPRECATED_OBJC_IMPLEMENTATIONS = YES;
				CLANG_WARN_DIRECT_OBJC_ISA_USAGE = YES_ERROR;
				CLANG_WARN_DOCUMENTATION_COMMENTS = YES;
				CLANG_WARN_EMPTY_BODY = YES;
				CLANG_WARN_ENUM_CONVERSION = YES;
				CLANG_WARN_INFINITE_RECURSION = YES;
				CLANG_WARN_INT_CONVERSION = YES;
				CLANG_WARN_NON_LITERAL_NULL_CONVERSION = YES;
				CLANG_WARN_OBJC_IMPLICIT_RETAIN_SELF = YES;
				CLANG_WARN_OBJC_LITERAL_CONVERSION = YES;
				CLANG_WARN_OBJC_ROOT_CLASS = YES_ERROR;
				CLANG_WARN_QUOTED_INCLUDE_IN_FRAMEWORK_HEADER = YES;
				CLANG_WARN_RANGE_LOOP_ANALYSIS = YES;
				CLANG_WARN_STRICT_PROTOTYPES = YES;
				CLANG_WARN_SUSPICIOUS_MOVE = YES;
				CLANG_WARN_UNGUARDED_AVAILABILITY = YES_AGGRESSIVE;
				CLANG_WARN_UNREACHABLE_CODE = YES;
				CLANG_WARN__DUPLICATE_METHOD_MATCH = YES;
				COPY_PHASE_STRIP = NO;
				DEBUG_INFORMATION_FORMAT = "dwarf-with-dsym";
				ENABLE_NS_ASSERTIONS = NO;
				ENABLE_STRICT_OBJC_MSGSEND = YES;
				GCC_C_LANGUAGE_STANDARD = gnu11;
				GCC_NO_COMMON_BLOCKS = YES;
				GCC_WARN_64_TO_32_BIT_CONVERSION = YES;
				GCC_WARN_ABOUT_RETURN_TYPE = YES_ERROR;
				GCC_WARN_UNDECLARED_SELECTOR = YES;
				GCC_WARN_UNINITIALIZED_AUTOS = YES_AGGRESSIVE;
				GCC_WARN_UNUSED_FUNCTION = YES;
				GCC_WARN_UNUSED_VARIABLE = YES;
				IPHONEOS_DEPLOYMENT_TARGET = 15.4;
				MTL_ENABLE_DEBUG_INFO = NO;
				MTL_FAST_MATH = YES;
				SDKROOT = iphoneos;
				SWIFT_COMPILATION_MODE = wholemodule;
				SWIFT_OPTIMIZATION_LEVEL = "-O";
				VALIDATE_PRODUCT = YES;
			};
			name = Release;
		};
		724494C427EDAA9C00266C42 /* Debug */ = {
			isa = XCBuildConfiguration;
			buildSettings = {
				ASSETCATALOG_COMPILER_APPICON_NAME = AppIcon;
				ASSETCATALOG_COMPILER_GLOBAL_ACCENT_COLOR_NAME = AccentColor;
				CODE_SIGN_STYLE = Automatic;
				CURRENT_PROJECT_VERSION = 1;
				DEVELOPMENT_ASSET_PATHS = "\"Haushaltsbuch App/Preview Content\"";
				DEVELOPMENT_TEAM = 95W23GS9Y8;
				ENABLE_PREVIEWS = YES;
				GENERATE_INFOPLIST_FILE = NO;
				INFOPLIST_FILE = "/Users/burakcuce/Documents/dev/Apps/Haushaltsbuch App/Haushaltsbuch App/Info.plist";
				INFOPLIST_KEY_UIApplicationSceneManifest_Generation = YES;
				INFOPLIST_KEY_UIApplicationSupportsIndirectInputEvents = YES;
				INFOPLIST_KEY_UILaunchScreen_Generation = YES;
				INFOPLIST_KEY_UISupportedInterfaceOrientations_iPad = "UIInterfaceOrientationPortrait UIInterfaceOrientationPortraitUpsideDown UIInterfaceOrientationLandscapeLeft UIInterfaceOrientationLandscapeRight";
				INFOPLIST_KEY_UISupportedInterfaceOrientations_iPhone = "UIInterfaceOrientationPortrait UIInterfaceOrientationLandscapeLeft UIInterfaceOrientationLandscapeRight";
				LD_RUNPATH_SEARCH_PATHS = (
					"$(inherited)",
					"@executable_path/Frameworks",
				);
				MARKETING_VERSION = 1.0;
				PRODUCT_BUNDLE_IDENTIFIER = "com.burak.Haushaltsbuch-App";
				PRODUCT_NAME = "$(TARGET_NAME)";
				SWIFT_EMIT_LOC_STRINGS = YES;
				SWIFT_VERSION = 5.0;
				TARGETED_DEVICE_FAMILY = "1,2";
			};
			name = Debug;
		};
		724494C527EDAA9C00266C42 /* Release */ = {
			isa = XCBuildConfiguration;
			buildSettings = {
				ASSETCATALOG_COMPILER_APPICON_NAME = AppIcon;
				ASSETCATALOG_COMPILER_GLOBAL_ACCENT_COLOR_NAME = AccentColor;
				CODE_SIGN_STYLE = Automatic;
				CURRENT_PROJECT_VERSION = 1;
				DEVELOPMENT_ASSET_PATHS = "\"Haushaltsbuch App/Preview Content\"";
				DEVELOPMENT_TEAM = 95W23GS9Y8;
				ENABLE_PREVIEWS = YES;
				GENERATE_INFOPLIST_FILE = NO;
				INFOPLIST_FILE = "/Users/burakcuce/Documents/dev/Apps/Haushaltsbuch App/Haushaltsbuch App/Info.plist";
				INFOPLIST_KEY_UIApplicationSceneManifest_Generation = YES;
				INFOPLIST_KEY_UIApplicationSupportsIndirectInputEvents = YES;
				INFOPLIST_KEY_UILaunchScreen_Generation = YES;
				INFOPLIST_KEY_UISupportedInterfaceOrientations_iPad = "UIInterfaceOrientationPortrait UIInterfaceOrientationPortraitUpsideDown UIInterfaceOrientationLandscapeLeft UIInterfaceOrientationLandscapeRight";
				INFOPLIST_KEY_UISupportedInterfaceOrientations_iPhone = "UIInterfaceOrientationPortrait UIInterfaceOrientationLandscapeLeft UIInterfaceOrientationLandscapeRight";
				LD_RUNPATH_SEARCH_PATHS = (
					"$(inherited)",
					"@executable_path/Frameworks",
				);
				MARKETING_VERSION = 1.0;
				PRODUCT_BUNDLE_IDENTIFIER = "com.burak.Haushaltsbuch-App";
				PRODUCT_NAME = "$(TARGET_NAME)";
				SWIFT_EMIT_LOC_STRINGS = YES;
				SWIFT_VERSION = 5.0;
				TARGETED_DEVICE_FAMILY = "1,2";
			};
			name = Release;
		};
/* End XCBuildConfiguration section */

/* Begin XCConfigurationList section */
		724494B027EDAA9B00266C42 /* Build configuration list for PBXProject "Haushaltsbuch App" */ = {
			isa = XCConfigurationList;
			buildConfigurations = (
				724494C127EDAA9C00266C42 /* Debug */,
				724494C227EDAA9C00266C42 /* Release */,
			);
			defaultConfigurationIsVisible = 0;
			defaultConfigurationName = Release;
		};
		724494C327EDAA9C00266C42 /* Build configuration list for PBXNativeTarget "Haushaltsbuch App" */ = {
			isa = XCConfigurationList;
			buildConfigurations = (
				724494C427EDAA9C00266C42 /* Debug */,
				724494C527EDAA9C00266C42 /* Release */,
			);
			defaultConfigurationIsVisible = 0;
			defaultConfigurationName = Release;
		};
/* End XCConfigurationList section */

/* Begin XCRemoteSwiftPackageReference section */
		723207792859C7B200A853F8 /* XCRemoteSwiftPackageReference "Charts" */ = {
			isa = XCRemoteSwiftPackageReference;
			repositoryURL = "https://github.com/danielgindi/Charts";
			requirement = {
				kind = upToNextMajorVersion;
				minimumVersion = 3.0.0;
			};
		};
/* End XCRemoteSwiftPackageReference section */

/* Begin XCSwiftPackageProductDependency section */
		7232077A2859C7B200A853F8 /* Charts */ = {
			isa = XCSwiftPackageProductDependency;
			package = 723207792859C7B200A853F8 /* XCRemoteSwiftPackageReference "Charts" */;
			productName = Charts;
		};
/* End XCSwiftPackageProductDependency section */
	};
	rootObject = 724494AD27EDAA9B00266C42 /* Project object */;
}
